
Microsoft Visual Studio Solution File, Format Version 10.00
# Visual Web Developer Express 2008
Project("{FAE04EC0-301F-11D3-BF4B-00C04F79EFBC}") = "UO_Model_VS2008", "UO_Model\UO_Model_VS2008.csproj", "{EA2CB1A1-AC03-4C9B-A021-4049FCAE3A6C}"
EndProject
Project("{FAE04EC0-301F-11D3-BF4B-00C04F79EFBC}") = "UO_Service_VS2008", "UO_Service\UO_Service_VS2008.csproj", "{225F7893-550B-4569-B8ED-6CAD5A72041D}"
EndProject
Project("{FAE04EC0-301F-11D3-BF4B-00C04F79EFBC}") = "UO_UnitTest_VS2008", "UO_UnitTest\UO_UnitTest_VS2008.csproj", "{19A9C1BD-EFEB-4F97-A387-22017633C46F}"
EndProject
Project("{FAE04EC0-301F-11D3-BF4B-00C04F79EFBC}") = "UO_ExcelModeler_VS2008", "UO_ExcelModeler\UO_ExcelModeler_VS2008.csproj", "{5356B7AD-1081-427B-987F-30C7A67A45C7}"
EndProject
Project("{FAE04EC0-301F-11D3-BF4B-00C04F79EFBC}") = "UO_WebApplication_VS2008", "UO_WebApplication\UO_WebApplication_VS2008.csproj", "{EF664956-E675-41F4-ADE4-C989F1F35782}"
EndProject
Global
	GlobalSection(SolutionConfigurationPlatforms) = preSolution
		Debug|Any CPU = Debug|Any CPU
		Release|Any CPU = Release|Any CPU
	EndGlobalSection
	GlobalSection(ProjectConfigurationPlatforms) = postSolution
		{EA2CB1A1-AC03-4C9B-A021-4049FCAE3A6C}.Debug|Any CPU.ActiveCfg = Debug|Any CPU
		{EA2CB1A1-AC03-4C9B-A021-4049FCAE3A6C}.Debug|Any CPU.Build.0 = Debug|Any CPU
		{EA2CB1A1-AC03-4C9B-A021-4049FCAE3A6C}.Release|Any CPU.ActiveCfg = Release|Any CPU
		{EA2CB1A1-AC03-4C9B-A021-4049FCAE3A6C}.Release|Any CPU.Build.0 = Release|Any CPU
		{225F7893-550B-4569-B8ED-6CAD5A72041D}.Debug|Any CPU.ActiveCfg = Debug|Any CPU
		{225F7893-550B-4569-B8ED-6CAD5A72041D}.Debug|Any CPU.Build.0 = Debug|Any CPU
		{225F7893-550B-4569-B8ED-6CAD5A72041D}.Release|Any CPU.ActiveCfg = Release|Any CPU
		{225F7893-550B-4569-B8ED-6CAD5A72041D}.Release|Any CPU.Build.0 = Release|Any CPU
		{19A9C1BD-EFEB-4F97-A387-22017633C46F}.Debug|Any CPU.ActiveCfg = Debug|Any CPU
		{19A9C1BD-EFEB-4F97-A387-22017633C46F}.Debug|Any CPU.Build.0 = Debug|Any CPU
		{19A9C1BD-EFEB-4F97-A387-22017633C46F}.Release|Any CPU.ActiveCfg = Release|Any CPU
		{19A9C1BD-EFEB-4F97-A387-22017633C46F}.Release|Any CPU.Build.0 = Release|Any CPU
		{5356B7AD-1081-427B-987F-30C7A67A45C7}.Debug|Any CPU.ActiveCfg = Debug|Any CPU
		{5356B7AD-1081-427B-987F-30C7A67A45C7}.Debug|Any CPU.Build.0 = Debug|Any CPU
		{5356B7AD-1081-427B-987F-30C7A67A45C7}.Release|Any CPU.ActiveCfg = Release|Any CPU
		{5356B7AD-1081-427B-987F-30C7A67A45C7}.Release|Any CPU.Build.0 = Release|Any CPU
		{EF664956-E675-41F4-ADE4-C989F1F35782}.Debug|Any CPU.ActiveCfg = Debug|Any CPU
		{EF664956-E675-41F4-ADE4-C989F1F35782}.Debug|Any CPU.Build.0 = Debug|Any CPU
		{EF664956-E675-41F4-ADE4-C989F1F35782}.Release|Any CPU.ActiveCfg = Release|Any CPU
		{EF664956-E675-41F4-ADE4-C989F1F35782}.Release|Any CPU.Build.0 = Release|Any CPU
	EndGlobalSection
	GlobalSection(SolutionProperties) = preSolution
		HideSolutionNode = FALSE
	EndGlobalSection
EndGlobal
